
Microsoft Visual Studio Solution File, Format Version 12.00
# Visual Studio 14
VisualStudioVersion = 14.0.25420.1
MinimumVisualStudioVersion = 10.0.40219.1
Project("{FAE04EC0-301F-11D3-BF4B-00C04F79EFBC}") = "ModbusLib", "ModbusLib\ModbusLib.csproj", "{85C7E0A0-B14A-40C8-AD52-2475111AE822}"
EndProject
Project("{FAE04EC0-301F-11D3-BF4B-00C04F79EFBC}") = "ModbusMaster", "ModbusMaster\ModbusMaster.csproj", "{9A0EC5E1-B32F-4103-BAFA-DFAEC9C2B50C}"
EndProject
Project("{FAE04EC0-301F-11D3-BF4B-00C04F79EFBC}") = "Modbus.Common", "CommonControls\Modbus.Common.csproj", "{08DFFA18-CFB1-477B-B5AB-FDE3123007FF}"
EndProject
Project("{FAE04EC0-301F-11D3-BF4B-00C04F79EFBC}") = "ModbusSlave", "ModbusSlave\ModbusSlave.csproj", "{BB022D22-F720-4E96-BD12-583F8DC3A9C2}"
EndProject
Project("{2150E333-8FDC-42A3-9474-1A3956D46DE8}") = "Setup", "Setup", "{5654844F-0A76-449C-AF38-82E0797DC188}"
EndProject
Project("{54435603-DBB4-11D2-8724-00A0C9A8B90C}") = "ModbusTool", "Setup\ModbusTool\ModbusTool.vdproj", "{25937867-E6BD-46E7-8054-86FE89E890B3}"
EndProject
Global
	GlobalSection(SolutionConfigurationPlatforms) = preSolution
		CD_ROM|Any CPU = CD_ROM|Any CPU
		CD_ROM|Mixed Platforms = CD_ROM|Mixed Platforms
		CD_ROM|x86 = CD_ROM|x86
		Debug|Any CPU = Debug|Any CPU
		Debug|Mixed Platforms = Debug|Mixed Platforms
		Debug|x86 = Debug|x86
		DVD-5|Any CPU = DVD-5|Any CPU
		DVD-5|Mixed Platforms = DVD-5|Mixed Platforms
		DVD-5|x86 = DVD-5|x86
		Release|Any CPU = Release|Any CPU
		Release|Mixed Platforms = Release|Mixed Platforms
		Release|x86 = Release|x86
		SingleImage|Any CPU = SingleImage|Any CPU
		SingleImage|Mixed Platforms = SingleImage|Mixed Platforms
		SingleImage|x86 = SingleImage|x86
	EndGlobalSection
	GlobalSection(ProjectConfigurationPlatforms) = postSolution
		{85C7E0A0-B14A-40C8-AD52-2475111AE822}.CD_ROM|Any CPU.ActiveCfg = Release|Any CPU
		{85C7E0A0-B14A-40C8-AD52-2475111AE822}.CD_ROM|Any CPU.Build.0 = Release|Any CPU
		{85C7E0A0-B14A-40C8-AD52-2475111AE822}.CD_ROM|Mixed Platforms.ActiveCfg = Release|Any CPU
		{85C7E0A0-B14A-40C8-AD52-2475111AE822}.CD_ROM|Mixed Platforms.Build.0 = Release|Any CPU
		{85C7E0A0-B14A-40C8-AD52-2475111AE822}.CD_ROM|x86.ActiveCfg = Release|Any CPU
		{85C7E0A0-B14A-40C8-AD52-2475111AE822}.Debug|Any CPU.ActiveCfg = Debug|Any CPU
		{85C7E0A0-B14A-40C8-AD52-2475111AE822}.Debug|Any CPU.Build.0 = Debug|Any CPU
		{85C7E0A0-B14A-40C8-AD52-2475111AE822}.Debug|Mixed Platforms.ActiveCfg = Release|Any CPU
		{85C7E0A0-B14A-40C8-AD52-2475111AE822}.Debug|Mixed Platforms.Build.0 = Debug|Any CPU
		{85C7E0A0-B14A-40C8-AD52-2475111AE822}.Debug|x86.ActiveCfg = Release|Any CPU
		{85C7E0A0-B14A-40C8-AD52-2475111AE822}.DVD-5|Any CPU.ActiveCfg = Release|Any CPU
		{85C7E0A0-B14A-40C8-AD52-2475111AE822}.DVD-5|Any CPU.Build.0 = Debug|Any CPU
		{85C7E0A0-B14A-40C8-AD52-2475111AE822}.DVD-5|Mixed Platforms.ActiveCfg = Release|Any CPU
		{85C7E0A0-B14A-40C8-AD52-2475111AE822}.DVD-5|Mixed Platforms.Build.0 = Debug|Any CPU
		{85C7E0A0-B14A-40C8-AD52-2475111AE822}.DVD-5|x86.ActiveCfg = Release|Any CPU
		{85C7E0A0-B14A-40C8-AD52-2475111AE822}.Release|Any CPU.ActiveCfg = Release|Any CPU
		{85C7E0A0-B14A-40C8-AD52-2475111AE822}.Release|Any CPU.Build.0 = Release|Any CPU
		{85C7E0A0-B14A-40C8-AD52-2475111AE822}.Release|Mixed Platforms.ActiveCfg = Release|Any CPU
		{85C7E0A0-B14A-40C8-AD52-2475111AE822}.Release|Mixed Platforms.Build.0 = Release|Any CPU
		{85C7E0A0-B14A-40C8-AD52-2475111AE822}.Release|x86.ActiveCfg = Release|Any CPU
		{85C7E0A0-B14A-40C8-AD52-2475111AE822}.SingleImage|Any CPU.ActiveCfg = Release|Any CPU
		{85C7E0A0-B14A-40C8-AD52-2475111AE822}.SingleImage|Any CPU.Build.0 = Release|Any CPU
		{85C7E0A0-B14A-40C8-AD52-2475111AE822}.SingleImage|Mixed Platforms.ActiveCfg = Release|Any CPU
		{85C7E0A0-B14A-40C8-AD52-2475111AE822}.SingleImage|Mixed Platforms.Build.0 = Release|Any CPU
		{85C7E0A0-B14A-40C8-AD52-2475111AE822}.SingleImage|x86.ActiveCfg = Release|Any CPU
		{9A0EC5E1-B32F-4103-BAFA-DFAEC9C2B50C}.CD_ROM|Any CPU.ActiveCfg = Release|Any CPU
		{9A0EC5E1-B32F-4103-BAFA-DFAEC9C2B50C}.CD_ROM|Any CPU.Build.0 = Release|Any CPU
		{9A0EC5E1-B32F-4103-BAFA-DFAEC9C2B50C}.CD_ROM|Mixed Platforms.ActiveCfg = Release|Any CPU
		{9A0EC5E1-B32F-4103-BAFA-DFAEC9C2B50C}.CD_ROM|Mixed Platforms.Build.0 = Release|x86
		{9A0EC5E1-B32F-4103-BAFA-DFAEC9C2B50C}.CD_ROM|x86.ActiveCfg = Release|Any CPU
		{9A0EC5E1-B32F-4103-BAFA-DFAEC9C2B50C}.CD_ROM|x86.Build.0 = Release|x86
		{9A0EC5E1-B32F-4103-BAFA-DFAEC9C2B50C}.Debug|Any CPU.ActiveCfg = Debug|Any CPU
		{9A0EC5E1-B32F-4103-BAFA-DFAEC9C2B50C}.Debug|Any CPU.Build.0 = Debug|Any CPU
		{9A0EC5E1-B32F-4103-BAFA-DFAEC9C2B50C}.Debug|Mixed Platforms.ActiveCfg = Release|Any CPU
		{9A0EC5E1-B32F-4103-BAFA-DFAEC9C2B50C}.Debug|Mixed Platforms.Build.0 = Debug|x86
		{9A0EC5E1-B32F-4103-BAFA-DFAEC9C2B50C}.Debug|x86.ActiveCfg = Release|Any CPU
		{9A0EC5E1-B32F-4103-BAFA-DFAEC9C2B50C}.Debug|x86.Build.0 = Debug|x86
		{9A0EC5E1-B32F-4103-BAFA-DFAEC9C2B50C}.DVD-5|Any CPU.ActiveCfg = Release|Any CPU
		{9A0EC5E1-B32F-4103-BAFA-DFAEC9C2B50C}.DVD-5|Any CPU.Build.0 = Debug|Any CPU
		{9A0EC5E1-B32F-4103-BAFA-DFAEC9C2B50C}.DVD-5|Mixed Platforms.ActiveCfg = Release|Any CPU
		{9A0EC5E1-B32F-4103-BAFA-DFAEC9C2B50C}.DVD-5|Mixed Platforms.Build.0 = Debug|x86
		{9A0EC5E1-B32F-4103-BAFA-DFAEC9C2B50C}.DVD-5|x86.ActiveCfg = Release|Any CPU
		{9A0EC5E1-B32F-4103-BAFA-DFAEC9C2B50C}.DVD-5|x86.Build.0 = Debug|x86
		{9A0EC5E1-B32F-4103-BAFA-DFAEC9C2B50C}.Release|Any CPU.ActiveCfg = Release|Any CPU
		{9A0EC5E1-B32F-4103-BAFA-DFAEC9C2B50C}.Release|Any CPU.Build.0 = Release|Any CPU
		{9A0EC5E1-B32F-4103-BAFA-DFAEC9C2B50C}.Release|Mixed Platforms.ActiveCfg = Release|Any CPU
		{9A0EC5E1-B32F-4103-BAFA-DFAEC9C2B50C}.Release|Mixed Platforms.Build.0 = Release|x86
		{9A0EC5E1-B32F-4103-BAFA-DFAEC9C2B50C}.Release|x86.ActiveCfg = Release|Any CPU
		{9A0EC5E1-B32F-4103-BAFA-DFAEC9C2B50C}.SingleImage|Any CPU.ActiveCfg = Release|Any CPU
		{9A0EC5E1-B32F-4103-BAFA-DFAEC9C2B50C}.SingleImage|Any CPU.Build.0 = Release|Any CPU
		{9A0EC5E1-B32F-4103-BAFA-DFAEC9C2B50C}.SingleImage|Mixed Platforms.ActiveCfg = Release|Any CPU
		{9A0EC5E1-B32F-4103-BAFA-DFAEC9C2B50C}.SingleImage|Mixed Platforms.Build.0 = Release|x86
		{9A0EC5E1-B32F-4103-BAFA-DFAEC9C2B50C}.SingleImage|x86.ActiveCfg = Release|Any CPU
		{9A0EC5E1-B32F-4103-BAFA-DFAEC9C2B50C}.SingleImage|x86.Build.0 = Release|x86
		{08DFFA18-CFB1-477B-B5AB-FDE3123007FF}.CD_ROM|Any CPU.ActiveCfg = Release|Any CPU
		{08DFFA18-CFB1-477B-B5AB-FDE3123007FF}.CD_ROM|Any CPU.Build.0 = Release|Any CPU
		{08DFFA18-CFB1-477B-B5AB-FDE3123007FF}.CD_ROM|Mixed Platforms.ActiveCfg = Release|Any CPU
		{08DFFA18-CFB1-477B-B5AB-FDE3123007FF}.CD_ROM|Mixed Platforms.Build.0 = Release|Any CPU
		{08DFFA18-CFB1-477B-B5AB-FDE3123007FF}.CD_ROM|x86.ActiveCfg = Release|Any CPU
		{08DFFA18-CFB1-477B-B5AB-FDE3123007FF}.Debug|Any CPU.ActiveCfg = Debug|Any CPU
		{08DFFA18-CFB1-477B-B5AB-FDE3123007FF}.Debug|Any CPU.Build.0 = Debug|Any CPU
		{08DFFA18-CFB1-477B-B5AB-FDE3123007FF}.Debug|Mixed Platforms.ActiveCfg = Release|Any CPU
		{08DFFA18-CFB1-477B-B5AB-FDE3123007FF}.Debug|Mixed Platforms.Build.0 = Debug|Any CPU
		{08DFFA18-CFB1-477B-B5AB-FDE3123007FF}.Debug|x86.ActiveCfg = Release|Any CPU
		{08DFFA18-CFB1-477B-B5AB-FDE3123007FF}.DVD-5|Any CPU.ActiveCfg = Release|Any CPU
		{08DFFA18-CFB1-477B-B5AB-FDE3123007FF}.DVD-5|Any CPU.Build.0 = Debug|Any CPU
		{08DFFA18-CFB1-477B-B5AB-FDE3123007FF}.DVD-5|Mixed Platforms.ActiveCfg = Release|Any CPU
		{08DFFA18-CFB1-477B-B5AB-FDE3123007FF}.DVD-5|Mixed Platforms.Build.0 = Debug|Any CPU
		{08DFFA18-CFB1-477B-B5AB-FDE3123007FF}.DVD-5|x86.ActiveCfg = Release|Any CPU
		{08DFFA18-CFB1-477B-B5AB-FDE3123007FF}.Release|Any CPU.ActiveCfg = Release|Any CPU
		{08DFFA18-CFB1-477B-B5AB-FDE3123007FF}.Release|Any CPU.Build.0 = Release|Any CPU
		{08DFFA18-CFB1-477B-B5AB-FDE3123007FF}.Release|Mixed Platforms.ActiveCfg = Release|Any CPU
		{08DFFA18-CFB1-477B-B5AB-FDE3123007FF}.Release|Mixed Platforms.Build.0 = Release|Any CPU
		{08DFFA18-CFB1-477B-B5AB-FDE3123007FF}.Release|x86.ActiveCfg = Release|Any CPU
		{08DFFA18-CFB1-477B-B5AB-FDE3123007FF}.SingleImage|Any CPU.ActiveCfg = Release|Any CPU
		{08DFFA18-CFB1-477B-B5AB-FDE3123007FF}.SingleImage|Any CPU.Build.0 = Release|Any CPU
		{08DFFA18-CFB1-477B-B5AB-FDE3123007FF}.SingleImage|Mixed Platforms.ActiveCfg = Release|Any CPU
		{08DFFA18-CFB1-477B-B5AB-FDE3123007FF}.SingleImage|Mixed Platforms.Build.0 = Release|Any CPU
		{08DFFA18-CFB1-477B-B5AB-FDE3123007FF}.SingleImage|x86.ActiveCfg = Release|Any CPU
		{BB022D22-F720-4E96-BD12-583F8DC3A9C2}.CD_ROM|Any CPU.ActiveCfg = Release|Any CPU
		{BB022D22-F720-4E96-BD12-583F8DC3A9C2}.CD_ROM|Any CPU.Build.0 = Release|Any CPU
		{BB022D22-F720-4E96-BD12-583F8DC3A9C2}.CD_ROM|Mixed Platforms.ActiveCfg = Release|Any CPU
		{BB022D22-F720-4E96-BD12-583F8DC3A9C2}.CD_ROM|Mixed Platforms.Build.0 = Release|x86
		{BB022D22-F720-4E96-BD12-583F8DC3A9C2}.CD_ROM|x86.ActiveCfg = Release|Any CPU
		{BB022D22-F720-4E96-BD12-583F8DC3A9C2}.CD_ROM|x86.Build.0 = Release|x86
		{BB022D22-F720-4E96-BD12-583F8DC3A9C2}.Debug|Any CPU.ActiveCfg = Debug|Any CPU
		{BB022D22-F720-4E96-BD12-583F8DC3A9C2}.Debug|Any CPU.Build.0 = Debug|Any CPU
		{BB022D22-F720-4E96-BD12-583F8DC3A9C2}.Debug|Mixed Platforms.ActiveCfg = Release|Any CPU
		{BB022D22-F720-4E96-BD12-583F8DC3A9C2}.Debug|Mixed Platforms.Build.0 = Debug|x86
		{BB022D22-F720-4E96-BD12-583F8DC3A9C2}.Debug|x86.ActiveCfg = Release|Any CPU
		{BB022D22-F720-4E96-BD12-583F8DC3A9C2}.Debug|x86.Build.0 = Debug|x86
		{BB022D22-F720-4E96-BD12-583F8DC3A9C2}.DVD-5|Any CPU.ActiveCfg = Release|Any CPU
		{BB022D22-F720-4E96-BD12-583F8DC3A9C2}.DVD-5|Any CPU.Build.0 = Debug|Any CPU
		{BB022D22-F720-4E96-BD12-583F8DC3A9C2}.DVD-5|Mixed Platforms.ActiveCfg = Release|Any CPU
		{BB022D22-F720-4E96-BD12-583F8DC3A9C2}.DVD-5|Mixed Platforms.Build.0 = Debug|x86
		{BB022D22-F720-4E96-BD12-583F8DC3A9C2}.DVD-5|x86.ActiveCfg = Release|Any CPU
		{BB022D22-F720-4E96-BD12-583F8DC3A9C2}.DVD-5|x86.Build.0 = Debug|x86
		{BB022D22-F720-4E96-BD12-583F8DC3A9C2}.Release|Any CPU.ActiveCfg = Release|Any CPU
		{BB022D22-F720-4E96-BD12-583F8DC3A9C2}.Release|Any CPU.Build.0 = Release|Any CPU
		{BB022D22-F720-4E96-BD12-583F8DC3A9C2}.Release|Mixed Platforms.ActiveCfg = Release|Any CPU
		{BB022D22-F720-4E96-BD12-583F8DC3A9C2}.Release|Mixed Platforms.Build.0 = Release|x86
		{BB022D22-F720-4E96-BD12-583F8DC3A9C2}.Release|x86.ActiveCfg = Release|Any CPU
		{BB022D22-F720-4E96-BD12-583F8DC3A9C2}.SingleImage|Any CPU.ActiveCfg = Release|Any CPU
		{BB022D22-F720-4E96-BD12-583F8DC3A9C2}.SingleImage|Any CPU.Build.0 = Release|Any CPU
		{BB022D22-F720-4E96-BD12-583F8DC3A9C2}.SingleImage|Mixed Platforms.ActiveCfg = Release|Any CPU
		{BB022D22-F720-4E96-BD12-583F8DC3A9C2}.SingleImage|Mixed Platforms.Build.0 = Release|x86
		{BB022D22-F720-4E96-BD12-583F8DC3A9C2}.SingleImage|x86.ActiveCfg = Release|Any CPU
		{BB022D22-F720-4E96-BD12-583F8DC3A9C2}.SingleImage|x86.Build.0 = Release|x86
		{25937867-E6BD-46E7-8054-86FE89E890B3}.CD_ROM|Any CPU.ActiveCfg = Release
		{25937867-E6BD-46E7-8054-86FE89E890B3}.CD_ROM|Any CPU.Build.0 = Release
		{25937867-E6BD-46E7-8054-86FE89E890B3}.CD_ROM|Mixed Platforms.ActiveCfg = Release
		{25937867-E6BD-46E7-8054-86FE89E890B3}.CD_ROM|Mixed Platforms.Build.0 = Release
		{25937867-E6BD-46E7-8054-86FE89E890B3}.CD_ROM|x86.ActiveCfg = Release
		{25937867-E6BD-46E7-8054-86FE89E890B3}.CD_ROM|x86.Build.0 = Release
		{25937867-E6BD-46E7-8054-86FE89E890B3}.Debug|Any CPU.ActiveCfg = Debug
		{25937867-E6BD-46E7-8054-86FE89E890B3}.Debug|Any CPU.Build.0 = Debug
		{25937867-E6BD-46E7-8054-86FE89E890B3}.Debug|Mixed Platforms.ActiveCfg = Debug
		{25937867-E6BD-46E7-8054-86FE89E890B3}.Debug|Mixed Platforms.Build.0 = Debug
		{25937867-E6BD-46E7-8054-86FE89E890B3}.Debug|x86.ActiveCfg = Debug
		{25937867-E6BD-46E7-8054-86FE89E890B3}.Debug|x86.Build.0 = Debug
		{25937867-E6BD-46E7-8054-86FE89E890B3}.DVD-5|Any CPU.ActiveCfg = Debug
		{25937867-E6BD-46E7-8054-86FE89E890B3}.DVD-5|Any CPU.Build.0 = Debug
		{25937867-E6BD-46E7-8054-86FE89E890B3}.DVD-5|Mixed Platforms.ActiveCfg = Debug
		{25937867-E6BD-46E7-8054-86FE89E890B3}.DVD-5|Mixed Platforms.Build.0 = Debug
		{25937867-E6BD-46E7-8054-86FE89E890B3}.DVD-5|x86.ActiveCfg = Debug
		{25937867-E6BD-46E7-8054-86FE89E890B3}.DVD-5|x86.Build.0 = Debug
		{25937867-E6BD-46E7-8054-86FE89E890B3}.Release|Any CPU.ActiveCfg = Release
		{25937867-E6BD-46E7-8054-86FE89E890B3}.Release|Any CPU.Build.0 = Release
		{25937867-E6BD-46E7-8054-86FE89E890B3}.Release|Mixed Platforms.ActiveCfg = Release
		{25937867-E6BD-46E7-8054-86FE89E890B3}.Release|Mixed Platforms.Build.0 = Release
		{25937867-E6BD-46E7-8054-86FE89E890B3}.Release|x86.ActiveCfg = Release
		{25937867-E6BD-46E7-8054-86FE89E890B3}.Release|x86.Build.0 = Release
		{25937867-E6BD-46E7-8054-86FE89E890B3}.SingleImage|Any CPU.ActiveCfg = Release
		{25937867-E6BD-46E7-8054-86FE89E890B3}.SingleImage|Any CPU.Build.0 = Release
		{25937867-E6BD-46E7-8054-86FE89E890B3}.SingleImage|Mixed Platforms.ActiveCfg = Release
		{25937867-E6BD-46E7-8054-86FE89E890B3}.SingleImage|Mixed Platforms.Build.0 = Release
		{25937867-E6BD-46E7-8054-86FE89E890B3}.SingleImage|x86.ActiveCfg = Release
		{25937867-E6BD-46E7-8054-86FE89E890B3}.SingleImage|x86.Build.0 = Release
	EndGlobalSection
	GlobalSection(SolutionProperties) = preSolution
		HideSolutionNode = FALSE
	EndGlobalSection
	GlobalSection(NestedProjects) = preSolution
		{25937867-E6BD-46E7-8054-86FE89E890B3} = {5654844F-0A76-449C-AF38-82E0797DC188}
	EndGlobalSection
EndGlobal
